
Microsoft Visual Studio Solution File, Format Version 12.00
# Visual Studio Version 17
VisualStudioVersion = 17.2.32616.157
MinimumVisualStudioVersion = 10.0.40219.1
Project("{FAE04EC0-301F-11D3-BF4B-00C04F79EFBC}") = "Rhein.Engine", "Rhein.Engine.csproj", "{AE0F0CE4-D890-4289-A269-110371833AC5}"
EndProject
Project("{FAE04EC0-301F-11D3-BF4B-00C04F79EFBC}") = "Rhein.Sample", "..\Rhein.Sample\Rhein.Sample.csproj", "{E481F134-B991-4972-804E-8AF07A31BFFE}"
EndProject
Global
	GlobalSection(SolutionConfigurationPlatforms) = preSolution
		Debug|Any CPU = Debug|Any CPU
		Release|Any CPU = Release|Any CPU
	EndGlobalSection
	GlobalSection(ProjectConfigurationPlatforms) = postSolution
		{AE0F0CE4-D890-4289-A269-110371833AC5}.Debug|Any CPU.ActiveCfg = Debug|Any CPU
		{AE0F0CE4-D890-4289-A269-110371833AC5}.Debug|Any CPU.Build.0 = Debug|Any CPU
		{AE0F0CE4-D890-4289-A269-110371833AC5}.Release|Any CPU.ActiveCfg = Release|Any CPU
		{AE0F0CE4-D890-4289-A269-110371833AC5}.Release|Any CPU.Build.0 = Release|Any CPU
		{E481F134-B991-4972-804E-8AF07A31BFFE}.Debug|Any CPU.ActiveCfg = Debug|Any CPU
		{E481F134-B991-4972-804E-8AF07A31BFFE}.Debug|Any CPU.Build.0 = Debug|Any CPU
		{E481F134-B991-4972-804E-8AF07A31BFFE}.Release|Any CPU.ActiveCfg = Release|Any CPU
		{E481F134-B991-4972-804E-8AF07A31BFFE}.Release|Any CPU.Build.0 = Release|Any CPU
	EndGlobalSection
	GlobalSection(SolutionProperties) = preSolution
		HideSolutionNode = FALSE
	EndGlobalSection
	GlobalSection(ExtensibilityGlobals) = postSolution
		SolutionGuid = {F0650F17-25BB-40F1-9A7A-4B99EF3EF1AF}
	EndGlobalSection
EndGlobal
